schema: '2.0'
stages:
  data_ingestion:
    cmd: python src/data_ingestion.py
    deps:
    - path: src/data_ingestion.py
      hash: md5
      md5: 4b62dde73799a850da8473f628b7b6b2
      size: 2253
    outs:
    - path: data/raw
      hash: md5
      md5: fb326d2eec197669f9638afde28356bf.dir
      size: 827973
      nfiles: 2
  data_preprocessing:
    cmd: python src/data_preprocessing.py
    deps:
    - path: data/raw
      hash: md5
      md5: fb326d2eec197669f9638afde28356bf.dir
      size: 827973
      nfiles: 2
    - path: src/data_preprocessing.py
      hash: md5
      md5: 163b896874340ccabcc329ba89e406ba
      size: 2337
    outs:
    - path: data/processed
      hash: md5
      md5: ef37afd17951ea8af23114b28d26f784.dir
      size: 566210
      nfiles: 2
  feature_engineering:
    cmd: python src/feature_engineering.py
    deps:
    - path: data/processed
      hash: md5
      md5: ef37afd17951ea8af23114b28d26f784.dir
      size: 566210
      nfiles: 2
    - path: src/feature_engineering.py
      hash: md5
      md5: cbf34a2daec44d3e1a89fe3a63108eef
      size: 1594
    outs:
    - path: data/features
      hash: md5
      md5: 54f12c75139d3b6af5525a6c44cef235.dir
      size: 1068816
      nfiles: 2
  model_building:
    cmd: python src/model_building.py
    deps:
    - path: data/features/train_bow.csv
      hash: md5
      md5: 25214fa4c41d294663a20df89663b9b5
      size: 854944
    - path: src/model_building.py
      hash: md5
      md5: a82f7cb53ebc17ba27cfd7843edd9092
      size: 998
    outs:
    - path: models/model.pkl
      hash: md5
      md5: 437cd25509dc1081191449b00bca7bb0
      size: 71833
  model_evaluation:
    cmd: python src/model_evaluation.py
    deps:
    - path: data/features/test_bow.csv
      hash: md5
      md5: 4fc2e5512bb3e45d0b29c63c9a007e1b
      size: 213872
    - path: models/model.pkl
      hash: md5
      md5: 437cd25509dc1081191449b00bca7bb0
      size: 71833
    - path: src/model_evaluation.py
      hash: md5
      md5: 17a836c8cc6c1c6d9f480c4f3bb3e26d
      size: 1362
    outs:
    - path: reports/metrics.json
      hash: md5
      md5: dd8ce9732238ef09e601d1f6f0e14f7c
      size: 146
